lockVersion: 2.0.0
id: be6864d2-c44e-4d1e-863e-759aa84b218e
management:
  docChecksum: 15056d0095a609418631aa0935b17b27
  docVersion: 1.0.0
  speakeasyVersion: 1.418.3
  generationVersion: 2.438.3
  releaseVersion: 0.8.0
  configChecksum: 0773dcfd759407002829b6f35b66c356
  repoURL: https://github.com/speakeasy-sdks/recipe-book.git
  installationURL: https://github.com/speakeasy-sdks/recipe-book
features:
  typescript:
    additionalDependencies: 0.1.0
    core: 3.18.2
    defaultEnabledRetries: 0.1.0
    devContainers: 2.90.0
    enumUnions: 0.1.0
    enums: 2.82.1
    envVarSecurityUsage: 0.1.1
    errors: 2.82.3
    globalSecurityCallbacks: 0.1.0
    globalServerURLs: 2.82.4
    groups: 2.81.2
    nameOverrides: 2.81.2
    openEnums: 0.1.1
    responseFormat: 0.2.3
    retries: 2.83.0
    sdkHooks: 0.1.0
generatedFiles:
  - .devcontainer/README.md
  - .devcontainer/devcontainer.json
  - .devcontainer/setup.sh
  - .eslintrc.cjs
  - .gitattributes
  - .npmignore
  - CONTRIBUTING.md
  - FUNCTIONS.md
  - RUNTIMES.md
  - USAGE.md
  - docs/lib/utils/retryconfig.md
  - docs/models/custom_components/recipe.md
  - docs/models/custom_components/recipeinput.md
  - docs/models/custom_components/recipestatus.md
  - docs/models/custom_errors/autherror.md
  - docs/models/custom_operations/deletereciperequest.md
  - docs/models/custom_operations/getrecipebyidrequest.md
  - docs/models/custom_operations/getrecipestatusrequest.md
  - docs/models/custom_operations/updatereciperequest.md
  - docs/sdks/recipes/README.md
  - docs/sdks/speakeasyrecipebook/README.md
  - docs/sdks/status/README.md
  - jsr.json
  - package.json
  - src/core.ts
  - src/funcs/recipesCreate.ts
  - src/funcs/recipesDelete.ts
  - src/funcs/recipesGetAll.ts
  - src/funcs/recipesGetById.ts
  - src/funcs/recipesUpdate.ts
  - src/funcs/statusGetRecipeStatus.ts
  - src/hooks/hooks.ts
  - src/hooks/index.ts
  - src/hooks/types.ts
  - src/index.ts
  - src/lib/base64.ts
  - src/lib/config.ts
  - src/lib/dlv.ts
  - src/lib/encodings.ts
  - src/lib/env.ts
  - src/lib/files.ts
  - src/lib/http.ts
  - src/lib/is-plain-object.ts
  - src/lib/logger.ts
  - src/lib/matchers.ts
  - src/lib/primitives.ts
  - src/lib/retries.ts
  - src/lib/schemas.ts
  - src/lib/sdks.ts
  - src/lib/security.ts
  - src/lib/url.ts
  - src/models/custom_components/index.ts
  - src/models/custom_components/recipe.ts
  - src/models/custom_components/recipeinput.ts
  - src/models/custom_components/recipestatus.ts
  - src/models/custom_errors/autherror.ts
  - src/models/custom_errors/httpclienterrors.ts
  - src/models/custom_errors/index.ts
  - src/models/custom_errors/sdkerror.ts
  - src/models/custom_errors/sdkvalidationerror.ts
  - src/models/custom_operations/deleterecipe.ts
  - src/models/custom_operations/getrecipebyid.ts
  - src/models/custom_operations/getrecipestatus.ts
  - src/models/custom_operations/index.ts
  - src/models/custom_operations/updaterecipe.ts
  - src/sdk/index.ts
  - src/sdk/recipes.ts
  - src/sdk/sdk.ts
  - src/sdk/status.ts
  - src/types/blobs.ts
  - src/types/constdatetime.ts
  - src/types/enums.ts
  - src/types/fp.ts
  - src/types/index.ts
  - src/types/operations.ts
  - src/types/rfcdate.ts
  - src/types/streams.ts
  - tsconfig.json
examples:
  getRecipes:
    speakeasy-default-get-recipes:
      responses:
        "200":
          application/json: []
        "401": {}
  createRecipe:
    speakeasy-default-create-recipe:
      requestBody:
        application/json: {"name": "<value>", "ingredients": [], "instructions": "<value>"}
  getRecipeById:
    speakeasy-default-get-recipe-by-id:
      parameters:
        path:
          recipeId: "<id>"
  updateRecipe:
    speakeasy-default-update-recipe:
      parameters:
        path:
          recipeId: "<id>"
      requestBody:
        application/json: {"name": "<value>", "ingredients": [], "instructions": "<value>"}
  deleteRecipe:
    speakeasy-default-delete-recipe:
      parameters:
        path:
          recipeId: "<id>"
  internalStaff:
    speakeasy-default-internal-staff:
      responses:
        "200":
          application/json: {"message": "Internal staff data"}
  getRecipeStatus:
    speakeasy-default-get-recipe-status:
      parameters:
        path:
          id: "<id>"
      responses:
        "200":
          application/json: "not_started"
