speakeasyVersion: 1.406.0
sources:
    SpeakeasyRecipeBook-OAS:
        sourceNamespace: speakeasy-recipe-book-oas
        sourceRevisionDigest: sha256:b3eaadfacac6408e1316a020428852b99893ad61068865e3c4e63004f0675ee4
        sourceBlobDigest: sha256:80211ba852bd9e1150e7b3c2169816db436cda663088e1a68762381a8bc250fc
        tags:
            - latest
targets:
    speakeasy-recipe-book:
        source: SpeakeasyRecipeBook-OAS
        sourceNamespace: speakeasy-recipe-book-oas
        sourceRevisionDigest: sha256:b3eaadfacac6408e1316a020428852b99893ad61068865e3c4e63004f0675ee4
        sourceBlobDigest: sha256:80211ba852bd9e1150e7b3c2169816db436cda663088e1a68762381a8bc250fc
workflow:
    workflowVersion: 1.0.0
    speakeasyVersion: latest
    sources:
        SpeakeasyRecipeBook-OAS:
            inputs:
                - location: RecipeOpenAPISpec.yaml
            overlays:
                - location: internal-staff-overlay.yaml
                - location: add_snack_tag_overlay.yaml
            registry:
                location: registry.speakeasyapi.dev/loganinc/loganinc/speakeasy-recipe-book-oas
    targets:
        speakeasy-recipe-book:
            target: typescript
            source: SpeakeasyRecipeBook-OAS
