speakeasyVersion: 1.418.3
sources:
    SpeakeasyRecipeBook-OAS:
        sourceNamespace: speakeasy-recipe-book-oas
        sourceRevisionDigest: sha256:40cacf86749838f3ae5e419be0cc30c3604fa17de6ce5a8727cc28f1bd3552cd
        sourceBlobDigest: sha256:cd5897b3ec124e28474b36137f148501a55167f3cf6aa45d5fcd12043f095039
        tags:
            - latest
targets:
    speakeasy-recipe-book:
        source: SpeakeasyRecipeBook-OAS
        sourceNamespace: speakeasy-recipe-book-oas
        sourceRevisionDigest: sha256:40cacf86749838f3ae5e419be0cc30c3604fa17de6ce5a8727cc28f1bd3552cd
        sourceBlobDigest: sha256:cd5897b3ec124e28474b36137f148501a55167f3cf6aa45d5fcd12043f095039
workflow:
    workflowVersion: 1.0.0
    speakeasyVersion: latest
    sources:
        SpeakeasyRecipeBook-OAS:
            inputs:
                - location: RecipeOpenAPISpec.yaml
            overlays:
                - location: internal-staff-overlay.yaml
                - location: add_snack_tag_overlay.yaml
                - location: .speakeasy/speakeasy-modifications-overlay.yaml
            registry:
                location: registry.speakeasyapi.dev/loganinc/loganinc/speakeasy-recipe-book-oas
    targets:
        speakeasy-recipe-book:
            target: typescript
            source: SpeakeasyRecipeBook-OAS
