speakeasyVersion: 1.405.4
sources:
    SpeakeasyRecipeBook-OAS:
        sourceNamespace: speakeasy-recipe-book-oas
        sourceRevisionDigest: sha256:e5a5522c4fe9ff27cd2c62eac1dd83d68d09ff8ab9ec67f6c384b71644aa1b62
        sourceBlobDigest: sha256:4509dfce38ccede00071278346f365e0129b651cd0a61e74df17975193a1203b
        tags:
            - latest
            - main
targets:
    speakeasy-recipe-book:
        source: SpeakeasyRecipeBook-OAS
        sourceNamespace: speakeasy-recipe-book-oas
        sourceRevisionDigest: sha256:e5a5522c4fe9ff27cd2c62eac1dd83d68d09ff8ab9ec67f6c384b71644aa1b62
        sourceBlobDigest: sha256:4509dfce38ccede00071278346f365e0129b651cd0a61e74df17975193a1203b
workflow:
    workflowVersion: 1.0.0
    speakeasyVersion: latest
    sources:
        SpeakeasyRecipeBook-OAS:
            inputs:
                - location: RecipeOpenAPISpec.yaml
            overlays:
                - location: .speakeasy/speakeasy-modifications-overlay.yaml
            registry:
                location: registry.speakeasyapi.dev/loganinc/loganinc/speakeasy-recipe-book-oas
    targets:
        speakeasy-recipe-book:
            target: typescript
            source: SpeakeasyRecipeBook-OAS
